
Microsoft Visual Studio Solution File, Format Version 12.00
# Visual Studio Version 18
VisualStudioVersion = 18.3.11520.95 d18.3
MinimumVisualStudioVersion = 10.0.40219.1
Project("{9A19103F-16F7-4668-BE54-9A1E7A4F7556}") = "Bwl.Imaging", "Bwl.Imaging\Bwl.Imaging.csproj", "{2AA34FA4-FF4C-01DD-1348-C79C22E7E42A}"
EndProject
Project("{F184B08F-C81C-45F6-A57F-5ABD9991F28F}") = "Bwl.Imaging.WinForms", "Bwl.Imaging.WinForms\Bwl.Imaging.WinForms.vbproj", "{CF1BA304-7402-46B4-9D06-AB226BC72293}"
EndProject
Project("{F184B08F-C81C-45F6-A57F-5ABD9991F28F}") = "Bwl.Imaging.UnitTests", "Bwl.Imaging.UnitTests\Bwl.Imaging.UnitTests.vbproj", "{7F657F3D-93C4-4D2A-80D5-46DF23A2AE0A}"
EndProject
Project("{F184B08F-C81C-45F6-A57F-5ABD9991F28F}") = "Bwl.Imaging.WinForms.Test", "Bwl.Imaging.Test\Bwl.Imaging.WinForms.Test.vbproj", "{7BF41D8B-B121-49C3-AF64-6182A227CD78}"
EndProject
Project("{FAE04EC0-301F-11D3-BF4B-00C04F79EFBC}") = "Bwl.Imaging.ResourceCollectorDemo", "Bwl.Imaging.ResourceCollectorDemo\Bwl.Imaging.ResourceCollectorDemo.csproj", "{4AD635C8-C220-4AD3-2C75-136A964EDB5E}"
EndProject
Project("{2150E333-8FDC-42A3-9474-1A3956D46DE8}") = "Solution Items", "Solution Items", "{8EC462FD-D22E-90A8-E5CE-7E832BA40C5D}"
	ProjectSection(SolutionItems) = preProject
		Directory.Build.props = Directory.Build.props
	EndProjectSection
EndProject
Global
	GlobalSection(SolutionConfigurationPlatforms) = preSolution
		Debug|Any CPU = Debug|Any CPU
		Release|Any CPU = Release|Any CPU
	EndGlobalSection
	GlobalSection(ProjectConfigurationPlatforms) = postSolution
		{2AA34FA4-FF4C-01DD-1348-C79C22E7E42A}.Debug|Any CPU.ActiveCfg = Debug|Any CPU
		{2AA34FA4-FF4C-01DD-1348-C79C22E7E42A}.Debug|Any CPU.Build.0 = Debug|Any CPU
		{2AA34FA4-FF4C-01DD-1348-C79C22E7E42A}.Release|Any CPU.ActiveCfg = Release|Any CPU
		{2AA34FA4-FF4C-01DD-1348-C79C22E7E42A}.Release|Any CPU.Build.0 = Release|Any CPU
		{CF1BA304-7402-46B4-9D06-AB226BC72293}.Debug|Any CPU.ActiveCfg = Debug|Any CPU
		{CF1BA304-7402-46B4-9D06-AB226BC72293}.Debug|Any CPU.Build.0 = Debug|Any CPU
		{CF1BA304-7402-46B4-9D06-AB226BC72293}.Release|Any CPU.ActiveCfg = Release|Any CPU
		{CF1BA304-7402-46B4-9D06-AB226BC72293}.Release|Any CPU.Build.0 = Release|Any CPU
		{7F657F3D-93C4-4D2A-80D5-46DF23A2AE0A}.Debug|Any CPU.ActiveCfg = Debug|Any CPU
		{7F657F3D-93C4-4D2A-80D5-46DF23A2AE0A}.Debug|Any CPU.Build.0 = Debug|Any CPU
		{7F657F3D-93C4-4D2A-80D5-46DF23A2AE0A}.Release|Any CPU.ActiveCfg = Release|Any CPU
		{7F657F3D-93C4-4D2A-80D5-46DF23A2AE0A}.Release|Any CPU.Build.0 = Release|Any CPU
		{7BF41D8B-B121-49C3-AF64-6182A227CD78}.Debug|Any CPU.ActiveCfg = Debug|Any CPU
		{7BF41D8B-B121-49C3-AF64-6182A227CD78}.Debug|Any CPU.Build.0 = Debug|Any CPU
		{7BF41D8B-B121-49C3-AF64-6182A227CD78}.Release|Any CPU.ActiveCfg = Release|Any CPU
		{7BF41D8B-B121-49C3-AF64-6182A227CD78}.Release|Any CPU.Build.0 = Release|Any CPU
		{4AD635C8-C220-4AD3-2C75-136A964EDB5E}.Debug|Any CPU.ActiveCfg = Debug|Any CPU
		{4AD635C8-C220-4AD3-2C75-136A964EDB5E}.Debug|Any CPU.Build.0 = Debug|Any CPU
		{4AD635C8-C220-4AD3-2C75-136A964EDB5E}.Release|Any CPU.ActiveCfg = Release|Any CPU
		{4AD635C8-C220-4AD3-2C75-136A964EDB5E}.Release|Any CPU.Build.0 = Release|Any CPU
	EndGlobalSection
	GlobalSection(SolutionProperties) = preSolution
		HideSolutionNode = FALSE
	EndGlobalSection
	GlobalSection(ExtensibilityGlobals) = postSolution
		SolutionGuid = {1FFFCF23-78D6-4144-8AE8-E0F12885FC2B}
	EndGlobalSection
EndGlobal
